// !$*UTF8*$!
{
	archiveVersion = 1;
	classes = {
	};
	objectVersion = 50;
	objects = {

/* Begin PBXBuildFile section */
		7D0E112721276E4B00CC4C1B /* AppDelegate.m in Sources */ = {isa = PBXBuildFile; fileRef = 7D0E112621276E4B00CC4C1B /* AppDelegate.m */; };
		7D0E112A21276E4B00CC4C1B /* ViewController.m in Sources */ = {isa = PBXBuildFile; fileRef = 7D0E112921276E4B00CC4C1B /* ViewController.m */; };
		7D0E112D21276E4B00CC4C1B /* Main.storyboard in Resources */ = {isa = PBXBuildFile; fileRef = 7D0E112B21276E4B00CC4C1B /* Main.storyboard */; };
		7D0E112F21276E4C00CC4C1B /* Assets.xcassets in Resources */ = {isa = PBXBuildFile; fileRef = 7D0E112E21276E4C00CC4C1B /* Assets.xcassets */; };
		7D0E113221276E4C00CC4C1B /* LaunchScreen.storyboard in Resources */ = {isa = PBXBuildFile; fileRef = 7D0E113021276E4C00CC4C1B /* LaunchScreen.storyboard */; };
		7D0E113521276E4C00CC4C1B /* main.m in Sources */ = {isa = PBXBuildFile; fileRef = 7D0E113421276E4C00CC4C1B /* main.m */; };
		7D0E113F21276E4C00CC4C1B /* UberBeanTests.m in Sources */ = {isa = PBXBuildFile; fileRef = 7D0E113E21276E4C00CC4C1B /* UberBeanTests.m */; };
		7D0E114A21276E4C00CC4C1B /* UberBeanUITests.m in Sources */ = {isa = PBXBuildFile; fileRef = 7D0E114921276E4C00CC4C1B /* UberBeanUITests.m */; };
		7D0E115D2127A11500CC4C1B /* Cafe.m in Sources */ = {isa = PBXBuildFile; fileRef = 7D0E115C2127A11500CC4C1B /* Cafe.m */; };
		7D22F57D2127A92D00535E74 /* NetworkManager.m in Sources */ = {isa = PBXBuildFile; fileRef = 7D22F57C2127A92D00535E74 /* NetworkManager.m */; };
/* End PBXBuildFile section */

/* Begin PBXContainerItemProxy section */
		7D0E113B21276E4C00CC4C1B /* PBXContainerItemProxy */ = {
			isa = PBXContainerItemProxy;
			containerPortal = 7D0E111A21276E4B00CC4C1B /* Project object */;
			proxyType = 1;
			remoteGlobalIDString = 7D0E112121276E4B00CC4C1B;
			remoteInfo = UberBean;
		};
		7D0E114621276E4C00CC4C1B /* PBXContainerItemProxy */ = {
			isa = PBXContainerItemProxy;
			containerPortal = 7D0E111A21276E4B00CC4C1B /* Project object */;
			proxyType = 1;
			remoteGlobalIDString = 7D0E112121276E4B00CC4C1B;
			remoteInfo = UberBean;
		};
/* End PBXContainerItemProxy section */

/* Begin PBXFileReference section */
		7D0E112221276E4B00CC4C1B /* UberBean.app */ = {isa = PBXFileReference; explicitFileType = wrapper.application; includeInIndex = 0; path = UberBean.app; sourceTree = BUILT_PRODUCTS_DIR; };
		7D0E112521276E4B00CC4C1B /* AppDelegate.h */ = {isa = PBXFileReference; lastKnownFileType = sourcecode.c.h; path = AppDelegate.h; sourceTree = "<group>"; };
		7D0E112621276E4B00CC4C1B /* AppDelegate.m */ = {isa = PBXFileReference; lastKnownFileType = sourcecode.c.objc; path = AppDelegate.m; sourceTree = "<group>"; };
		7D0E112821276E4B00CC4C1B /* ViewController.h */ = {isa = PBXFileReference; lastKnownFileType = sourcecode.c.h; path = ViewController.h; sourceTree = "<group>"; };
		7D0E112921276E4B00CC4C1B /* ViewController.m */ = {isa = PBXFileReference; lastKnownFileType = sourcecode.c.objc; path = ViewController.m; sourceTree = "<group>"; };
		7D0E112C21276E4B00CC4C1B /* Base */ = {isa = PBXFileReference; lastKnownFileType = file.storyboard; name = Base; path = Base.lproj/Main.storyboard; sourceTree = "<group>"; };
		7D0E112E21276E4C00CC4C1B /* Assets.xcassets */ = {isa = PBXFileReference; lastKnownFileType = folder.assetcatalog; path = Assets.xcassets; sourceTree = "<group>"; };
		7D0E113121276E4C00CC4C1B /* Base */ = {isa = PBXFileReference; lastKnownFileType = file.storyboard; name = Base; path = Base.lproj/LaunchScreen.storyboard; sourceTree = "<group>"; };
		7D0E113321276E4C00CC4C1B /* Info.plist */ = {isa = PBXFileReference; lastKnownFileType = text.plist.xml; path = Info.plist; sourceTree = "<group>"; };
		7D0E113421276E4C00CC4C1B /* main.m */ = {isa = PBXFileReference; lastKnownFileType = sourcecode.c.objc; path = main.m; sourceTree = "<group>"; };
		7D0E113A21276E4C00CC4C1B /* UberBeanTests.xctest */ = {isa = PBXFileReference; explicitFileType = wrapper.cfbundle; includeInIndex = 0; path = UberBeanTests.xctest; sourceTree = BUILT_PRODUCTS_DIR; };
		7D0E113E21276E4C00CC4C1B /* UberBeanTests.m */ = {isa = PBXFileReference; lastKnownFileType = sourcecode.c.objc; path = UberBeanTests.m; sourceTree = "<group>"; };
		7D0E114021276E4C00CC4C1B /* Info.plist */ = {isa = PBXFileReference; lastKnownFileType = text.plist.xml; path = Info.plist; sourceTree = "<group>"; };
		7D0E114521276E4C00CC4C1B /* UberBeanUITests.xctest */ = {isa = PBXFileReference; explicitFileType = wrapper.cfbundle; includeInIndex = 0; path = UberBeanUITests.xctest; sourceTree = BUILT_PRODUCTS_DIR; };
		7D0E114921276E4C00CC4C1B /* UberBeanUITests.m */ = {isa = PBXFileReference; lastKnownFileType = sourcecode.c.objc; path = UberBeanUITests.m; sourceTree = "<group>"; };
		7D0E114B21276E4C00CC4C1B /* Info.plist */ = {isa = PBXFileReference; lastKnownFileType = text.plist.xml; path = Info.plist; sourceTree = "<group>"; };
		7D0E115B2127A11500CC4C1B /* Cafe.h */ = {isa = PBXFileReference; lastKnownFileType = sourcecode.c.h; path = Cafe.h; sourceTree = "<group>"; };
		7D0E115C2127A11500CC4C1B /* Cafe.m */ = {isa = PBXFileReference; lastKnownFileType = sourcecode.c.objc; path = Cafe.m; sourceTree = "<group>"; };
		7D22F57B2127A92D00535E74 /* NetworkManager.h */ = {isa = PBXFileReference; lastKnownFileType = sourcecode.c.h; path = NetworkManager.h; sourceTree = "<group>"; };
		7D22F57C2127A92D00535E74 /* NetworkManager.m */ = {isa = PBXFileReference; lastKnownFileType = sourcecode.c.objc; path = NetworkManager.m; sourceTree = "<group>"; };
/* End PBXFileReference section */

/* Begin PBXFrameworksBuildPhase section */
		7D0E111F21276E4B00CC4C1B /* Frameworks */ = {
			isa = PBXFrameworksBuildPhase;
			buildActionMask = 2147483647;
			files = (
			);
			runOnlyForDeploymentPostprocessing = 0;
		};
		7D0E113721276E4C00CC4C1B /* Frameworks */ = {
			isa = PBXFrameworksBuildPhase;
			buildActionMask = 2147483647;
			files = (
			);
			runOnlyForDeploymentPostprocessing = 0;
		};
		7D0E114221276E4C00CC4C1B /* Frameworks */ = {
			isa = PBXFrameworksBuildPhase;
			buildActionMask = 2147483647;
			files = (
			);
			runOnlyForDeploymentPostprocessing = 0;
		};
/* End PBXFrameworksBuildPhase section */

/* Begin PBXGroup section */
		7D0E111921276E4B00CC4C1B = {
			isa = PBXGroup;
			children = (
				7D0E112421276E4B00CC4C1B /* UberBean */,
				7D0E113D21276E4C00CC4C1B /* UberBeanTests */,
				7D0E114821276E4C00CC4C1B /* UberBeanUITests */,
				7D0E112321276E4B00CC4C1B /* Products */,
			);
			sourceTree = "<group>";
		};
		7D0E112321276E4B00CC4C1B /* Products */ = {
			isa = PBXGroup;
			children = (
				7D0E112221276E4B00CC4C1B /* UberBean.app */,
				7D0E113A21276E4C00CC4C1B /* UberBeanTests.xctest */,
				7D0E114521276E4C00CC4C1B /* UberBeanUITests.xctest */,
			);
			name = Products;
			sourceTree = "<group>";
		};
		7D0E112421276E4B00CC4C1B /* UberBean */ = {
			isa = PBXGroup;
			children = (

				7D0E115E2127A11B00CC4C1B /* Model */,
				7D0E115A2127A0E000CC4C1B /* Controller */,
				7D0E11592127A0D400CC4C1B /* Storyboards */,

				7D0E112E21276E4C00CC4C1B /* Assets.xcassets */,
				7D0E113321276E4C00CC4C1B /* Info.plist */,
				7D0E113421276E4C00CC4C1B /* main.m */,
				7D0E112521276E4B00CC4C1B /* AppDelegate.h */,
				7D0E112621276E4B00CC4C1B /* AppDelegate.m */,
			);
			path = UberBean;
			sourceTree = "<group>";
		};
		7D0E113D21276E4C00CC4C1B /* UberBeanTests */ = {
			isa = PBXGroup;
			children = (
				7D0E113E21276E4C00CC4C1B /* UberBeanTests.m */,
				7D0E114021276E4C00CC4C1B /* Info.plist */,
			);
			path = UberBeanTests;
			sourceTree = "<group>";
		};
		7D0E114821276E4C00CC4C1B /* UberBeanUITests */ = {
			isa = PBXGroup;
			children = (
				7D0E114921276E4C00CC4C1B /* UberBeanUITests.m */,
				7D0E114B21276E4C00CC4C1B /* Info.plist */,
			);
			path = UberBeanUITests;
			sourceTree = "<group>";
		};

		7D0E11592127A0D400CC4C1B /* Storyboards */ = {
			isa = PBXGroup;
			children = (
				7D0E112B21276E4B00CC4C1B /* Main.storyboard */,
				7D0E113021276E4C00CC4C1B /* LaunchScreen.storyboard */,
			);
			path = Storyboards;
			sourceTree = "<group>";
		};
		7D0E115A2127A0E000CC4C1B /* Controller */ = {

			isa = PBXGroup;
			children = (
				7D0E112821276E4B00CC4C1B /* ViewController.h */,
				7D0E112921276E4B00CC4C1B /* ViewController.m */,

				7D22F57B2127A92D00535E74 /* NetworkManager.h */,
				7D22F57C2127A92D00535E74 /* NetworkManager.m */,

			);
			path = Controller;
			sourceTree = "<group>";
		};

		7D0E115E2127A11B00CC4C1B /* Model */ = {
			isa = PBXGroup;
			children = (
				7D0E115B2127A11500CC4C1B /* Cafe.h */,
				7D0E115C2127A11500CC4C1B /* Cafe.m */,
			);
			path = Model;

			sourceTree = "<group>";
		};
/* End PBXGroup section */

/* Begin PBXNativeTarget section */
		7D0E112121276E4B00CC4C1B /* UberBean */ = {
			isa = PBXNativeTarget;
			buildConfigurationList = 7D0E114E21276E4C00CC4C1B /* Build configuration list for PBXNativeTarget "UberBean" */;
			buildPhases = (
				7D0E111E21276E4B00CC4C1B /* Sources */,
				7D0E111F21276E4B00CC4C1B /* Frameworks */,
				7D0E112021276E4B00CC4C1B /* Resources */,
			);
			buildRules = (
			);
			dependencies = (
			);
			name = UberBean;
			productName = UberBean;
			productReference = 7D0E112221276E4B00CC4C1B /* UberBean.app */;
			productType = "com.apple.product-type.application";
		};
		7D0E113921276E4C00CC4C1B /* UberBeanTests */ = {
			isa = PBXNativeTarget;
			buildConfigurationList = 7D0E115121276E4C00CC4C1B /* Build configuration list for PBXNativeTarget "UberBeanTests" */;
			buildPhases = (
				7D0E113621276E4C00CC4C1B /* Sources */,
				7D0E113721276E4C00CC4C1B /* Frameworks */,
				7D0E113821276E4C00CC4C1B /* Resources */,
			);
			buildRules = (
			);
			dependencies = (
				7D0E113C21276E4C00CC4C1B /* PBXTargetDependency */,
			);
			name = UberBeanTests;
			productName = UberBeanTests;
			productReference = 7D0E113A21276E4C00CC4C1B /* UberBeanTests.xctest */;
			productType = "com.apple.product-type.bundle.unit-test";
		};
		7D0E114421276E4C00CC4C1B /* UberBeanUITests */ = {
			isa = PBXNativeTarget;
			buildConfigurationList = 7D0E115421276E4C00CC4C1B /* Build configuration list for PBXNativeTarget "UberBeanUITests" */;
			buildPhases = (
				7D0E114121276E4C00CC4C1B /* Sources */,
				7D0E114221276E4C00CC4C1B /* Frameworks */,
				7D0E114321276E4C00CC4C1B /* Resources */,
			);
			buildRules = (
			);
			dependencies = (
				7D0E114721276E4C00CC4C1B /* PBXTargetDependency */,
			);
			name = UberBeanUITests;
			productName = UberBeanUITests;
			productReference = 7D0E114521276E4C00CC4C1B /* UberBeanUITests.xctest */;
			productType = "com.apple.product-type.bundle.ui-testing";
		};
/* End PBXNativeTarget section */

/* Begin PBXProject section */
		7D0E111A21276E4B00CC4C1B /* Project object */ = {
			isa = PBXProject;
			attributes = {
				LastUpgradeCheck = 0940;
				ORGANIZATIONNAME = Jamie;
				TargetAttributes = {
					7D0E112121276E4B00CC4C1B = {
						CreatedOnToolsVersion = 9.4.1;
					};
					7D0E113921276E4C00CC4C1B = {
						CreatedOnToolsVersion = 9.4.1;
						TestTargetID = 7D0E112121276E4B00CC4C1B;
					};
					7D0E114421276E4C00CC4C1B = {
						CreatedOnToolsVersion = 9.4.1;
						TestTargetID = 7D0E112121276E4B00CC4C1B;
					};
				};
			};
			buildConfigurationList = 7D0E111D21276E4B00CC4C1B /* Build configuration list for PBXProject "UberBean" */;
			compatibilityVersion = "Xcode 9.3";
			developmentRegion = en;
			hasScannedForEncodings = 0;
			knownRegions = (
				en,
				Base,
			);
			mainGroup = 7D0E111921276E4B00CC4C1B;
			productRefGroup = 7D0E112321276E4B00CC4C1B /* Products */;
			projectDirPath = "";
			projectRoot = "";
			targets = (
				7D0E112121276E4B00CC4C1B /* UberBean */,
				7D0E113921276E4C00CC4C1B /* UberBeanTests */,
				7D0E114421276E4C00CC4C1B /* UberBeanUITests */,
			);
		};
/* End PBXProject section */

/* Begin PBXResourcesBuildPhase section */
		7D0E112021276E4B00CC4C1B /* Resources */ = {
			isa = PBXResourcesBuildPhase;
			buildActionMask = 2147483647;
			files = (
				7D0E113221276E4C00CC4C1B /* LaunchScreen.storyboard in Resources */,
				7D0E112F21276E4C00CC4C1B /* Assets.xcassets in Resources */,
				7D0E112D21276E4B00CC4C1B /* Main.storyboard in Resources */,
			);
			runOnlyForDeploymentPostprocessing = 0;
		};
		7D0E113821276E4C00CC4C1B /* Resources */ = {
			isa = PBXResourcesBuildPhase;
			buildActionMask = 2147483647;
			files = (
			);
			runOnlyForDeploymentPostprocessing = 0;
		};
		7D0E114321276E4C00CC4C1B /* Resources */ = {
			isa = PBXResourcesBuildPhase;
			buildActionMask = 2147483647;
			files = (
			);
			runOnlyForDeploymentPostprocessing = 0;
		};
/* End PBXResourcesBuildPhase section */

/* Begin PBXSourcesBuildPhase section */
		7D0E111E21276E4B00CC4C1B /* Sources */ = {
			isa = PBXSourcesBuildPhase;
			buildActionMask = 2147483647;
			files = (
				7D0E115D2127A11500CC4C1B /* Cafe.m in Sources */,
				7D0E112A21276E4B00CC4C1B /* ViewController.m in Sources */,
				7D0E113521276E4C00CC4C1B /* main.m in Sources */,
				7D22F57D2127A92D00535E74 /* NetworkManager.m in Sources */,
				7D0E112721276E4B00CC4C1B /* AppDelegate.m in Sources */,
			);
			runOnlyForDeploymentPostprocessing = 0;
		};
		7D0E113621276E4C00CC4C1B /* Sources */ = {
			isa = PBXSourcesBuildPhase;
			buildActionMask = 2147483647;
			files = (
				7D0E113F21276E4C00CC4C1B /* UberBeanTests.m in Sources */,
			);
			runOnlyForDeploymentPostprocessing = 0;
		};
		7D0E114121276E4C00CC4C1B /* Sources */ = {
			isa = PBXSourcesBuildPhase;
			buildActionMask = 2147483647;
			files = (
				7D0E114A21276E4C00CC4C1B /* UberBeanUITests.m in Sources */,
			);
			runOnlyForDeploymentPostprocessing = 0;
		};
/* End PBXSourcesBuildPhase section */

/* Begin PBXTargetDependency section */
		7D0E113C21276E4C00CC4C1B /* PBXTargetDependency */ = {
			isa = PBXTargetDependency;
			target = 7D0E112121276E4B00CC4C1B /* UberBean */;
			targetProxy = 7D0E113B21276E4C00CC4C1B /* PBXContainerItemProxy */;
		};
		7D0E114721276E4C00CC4C1B /* PBXTargetDependency */ = {
			isa = PBXTargetDependency;
			target = 7D0E112121276E4B00CC4C1B /* UberBean */;
			targetProxy = 7D0E114621276E4C00CC4C1B /* PBXContainerItemProxy */;
		};
/* End PBXTargetDependency section */

/* Begin PBXVariantGroup section */
		7D0E112B21276E4B00CC4C1B /* Main.storyboard */ = {
			isa = PBXVariantGroup;
			children = (
				7D0E112C21276E4B00CC4C1B /* Base */,
			);
			name = Main.storyboard;
			sourceTree = "<group>";
		};
		7D0E113021276E4C00CC4C1B /* LaunchScreen.storyboard */ = {
			isa = PBXVariantGroup;
			children = (
				7D0E113121276E4C00CC4C1B /* Base */,
			);
			name = LaunchScreen.storyboard;
			sourceTree = "<group>";
		};
/* End PBXVariantGroup section */

/* Begin XCBuildConfiguration section */
		7D0E114C21276E4C00CC4C1B /* Debug */ = {
			isa = XCBuildConfiguration;
			buildSettings = {
				ALWAYS_SEARCH_USER_PATHS = NO;
				CLANG_ANALYZER_NONNULL = YES;
				CLANG_ANALYZER_NUMBER_OBJECT_CONVERSION = YES_AGGRESSIVE;
				CLANG_CXX_LANGUAGE_STANDARD = "gnu++14";
				CLANG_CXX_LIBRARY = "libc++";
				CLANG_ENABLE_MODULES = YES;
				CLANG_ENABLE_OBJC_ARC = YES;
				CLANG_ENABLE_OBJC_WEAK = YES;
				CLANG_WARN_BLOCK_CAPTURE_AUTORELEASING = YES;
				CLANG_WARN_BOOL_CONVERSION = YES;
				CLANG_WARN_COMMA = YES;
				CLANG_WARN_CONSTANT_CONVERSION = YES;
				CLANG_WARN_DEPRECATED_OBJC_IMPLEMENTATIONS = YES;
				CLANG_WARN_DIRECT_OBJC_ISA_USAGE = YES_ERROR;
				CLANG_WARN_DOCUMENTATION_COMMENTS = YES;
				CLANG_WARN_EMPTY_BODY = YES;
				CLANG_WARN_ENUM_CONVERSION = YES;
				CLANG_WARN_INFINITE_RECURSION = YES;
				CLANG_WARN_INT_CONVERSION = YES;
				CLANG_WARN_NON_LITERAL_NULL_CONVERSION = YES;
				CLANG_WARN_OBJC_IMPLICIT_RETAIN_SELF = YES;
				CLANG_WARN_OBJC_LITERAL_CONVERSION = YES;
				CLANG_WARN_OBJC_ROOT_CLASS = YES_ERROR;
				CLANG_WARN_RANGE_LOOP_ANALYSIS = YES;
				CLANG_WARN_STRICT_PROTOTYPES = YES;
				CLANG_WARN_SUSPICIOUS_MOVE = YES;
				CLANG_WARN_UNGUARDED_AVAILABILITY = YES_AGGRESSIVE;
				CLANG_WARN_UNREACHABLE_CODE = YES;
				CLANG_WARN__DUPLICATE_METHOD_MATCH = YES;
				CODE_SIGN_IDENTITY = "iPhone Developer";
				COPY_PHASE_STRIP = NO;
				DEBUG_INFORMATION_FORMAT = dwarf;
				ENABLE_STRICT_OBJC_MSGSEND = YES;
				ENABLE_TESTABILITY = YES;
				GCC_C_LANGUAGE_STANDARD = gnu11;
				GCC_DYNAMIC_NO_PIC = NO;
				GCC_NO_COMMON_BLOCKS = YES;
				GCC_OPTIMIZATION_LEVEL = 0;
				GCC_PREPROCESSOR_DEFINITIONS = (
					"DEBUG=1",
					"$(inherited)",
				);
				GCC_WARN_64_TO_32_BIT_CONVERSION = YES;
				GCC_WARN_ABOUT_RETURN_TYPE = YES_ERROR;
				GCC_WARN_UNDECLARED_SELECTOR = YES;
				GCC_WARN_UNINITIALIZED_AUTOS = YES_AGGRESSIVE;
				GCC_WARN_UNUSED_FUNCTION = YES;
				GCC_WARN_UNUSED_VARIABLE = YES;
				IPHONEOS_DEPLOYMENT_TARGET = 11.4;
				MTL_ENABLE_DEBUG_INFO = YES;
				ONLY_ACTIVE_ARCH = YES;
				SDKROOT = iphoneos;
			};
			name = Debug;
		};
		7D0E114D21276E4C00CC4C1B /* Release */ = {
			isa = XCBuildConfiguration;
			buildSettings = {
				ALWAYS_SEARCH_USER_PATHS = NO;
				CLANG_ANALYZER_NONNULL = YES;
				CLANG_ANALYZER_NUMBER_OBJECT_CONVERSION = YES_AGGRESSIVE;
				CLANG_CXX_LANGUAGE_STANDARD = "gnu++14";
				CLANG_CXX_LIBRARY = "libc++";
				CLANG_ENABLE_MODULES = YES;
				CLANG_ENABLE_OBJC_ARC = YES;
				CLANG_ENABLE_OBJC_WEAK = YES;
				CLANG_WARN_BLOCK_CAPTURE_AUTORELEASING = YES;
				CLANG_WARN_BOOL_CONVERSION = YES;
				CLANG_WARN_COMMA = YES;
				CLANG_WARN_CONSTANT_CONVERSION = YES;
				CLANG_WARN_DEPRECATED_OBJC_IMPLEMENTATIONS = YES;
				CLANG_WARN_DIRECT_OBJC_ISA_USAGE = YES_ERROR;
				CLANG_WARN_DOCUMENTATION_COMMENTS = YES;
				CLANG_WARN_EMPTY_BODY = YES;
				CLANG_WARN_ENUM_CONVERSION = YES;
				CLANG_WARN_INFINITE_RECURSION = YES;
				CLANG_WARN_INT_CONVERSION = YES;
				CLANG_WARN_NON_LITERAL_NULL_CONVERSION = YES;
				CLANG_WARN_OBJC_IMPLICIT_RETAIN_SELF = YES;
				CLANG_WARN_OBJC_LITERAL_CONVERSION = YES;
				CLANG_WARN_OBJC_ROOT_CLASS = YES_ERROR;
				CLANG_WARN_RANGE_LOOP_ANALYSIS = YES;
				CLANG_WARN_STRICT_PROTOTYPES = YES;
				CLANG_WARN_SUSPICIOUS_MOVE = YES;
				CLANG_WARN_UNGUARDED_AVAILABILITY = YES_AGGRESSIVE;
				CLANG_WARN_UNREACHABLE_CODE = YES;
				CLANG_WARN__DUPLICATE_METHOD_MATCH = YES;
				CODE_SIGN_IDENTITY = "iPhone Developer";
				COPY_PHASE_STRIP = NO;
				DEBUG_INFORMATION_FORMAT = "dwarf-with-dsym";
				ENABLE_NS_ASSERTIONS = NO;
				ENABLE_STRICT_OBJC_MSGSEND = YES;
				GCC_C_LANGUAGE_STANDARD = gnu11;
				GCC_NO_COMMON_BLOCKS = YES;
				GCC_WARN_64_TO_32_BIT_CONVERSION = YES;
				GCC_WARN_ABOUT_RETURN_TYPE = YES_ERROR;
				GCC_WARN_UNDECLARED_SELECTOR = YES;
				GCC_WARN_UNINITIALIZED_AUTOS = YES_AGGRESSIVE;
				GCC_WARN_UNUSED_FUNCTION = YES;
				GCC_WARN_UNUSED_VARIABLE = YES;
				IPHONEOS_DEPLOYMENT_TARGET = 11.4;
				MTL_ENABLE_DEBUG_INFO = NO;
				SDKROOT = iphoneos;
				VALIDATE_PRODUCT = YES;
			};
			name = Release;
		};
		7D0E114F21276E4C00CC4C1B /* Debug */ = {
			isa = XCBuildConfiguration;
			buildSettings = {
				ASSETCATALOG_COMPILER_APPICON_NAME = AppIcon;
				CODE_SIGN_STYLE = Automatic;
				INFOPLIST_FILE = UberBean/Info.plist;
				LD_RUNPATH_SEARCH_PATHS = (
					"$(inherited)",
					"@executable_path/Frameworks",
				);
				PRODUCT_BUNDLE_IDENTIFIER = "Feeny-Corp.UberBean";
				PRODUCT_NAME = "$(TARGET_NAME)";
				TARGETED_DEVICE_FAMILY = "1,2";
			};
			name = Debug;
		};
		7D0E115021276E4C00CC4C1B /* Release */ = {
			isa = XCBuildConfiguration;
			buildSettings = {
				ASSETCATALOG_COMPILER_APPICON_NAME = AppIcon;
				CODE_SIGN_STYLE = Automatic;
				INFOPLIST_FILE = UberBean/Info.plist;
				LD_RUNPATH_SEARCH_PATHS = (
					"$(inherited)",
					"@executable_path/Frameworks",
				);
				PRODUCT_BUNDLE_IDENTIFIER = "Feeny-Corp.UberBean";
				PRODUCT_NAME = "$(TARGET_NAME)";
				TARGETED_DEVICE_FAMILY = "1,2";
			};
			name = Release;
		};
		7D0E115221276E4C00CC4C1B /* Debug */ = {
			isa = XCBuildConfiguration;
			buildSettings = {
				BUNDLE_LOADER = "$(TEST_HOST)";
				CODE_SIGN_STYLE = Automatic;
				INFOPLIST_FILE = UberBeanTests/Info.plist;
				LD_RUNPATH_SEARCH_PATHS = (
					"$(inherited)",
					"@executable_path/Frameworks",
					"@loader_path/Frameworks",
				);
				PRODUCT_BUNDLE_IDENTIFIER = "Feeny-Corp.UberBeanTests";
				PRODUCT_NAME = "$(TARGET_NAME)";
				TARGETED_DEVICE_FAMILY = "1,2";
				TEST_HOST = "$(BUILT_PRODUCTS_DIR)/UberBean.app/UberBean";
			};
			name = Debug;
		};
		7D0E115321276E4C00CC4C1B /* Release */ = {
			isa = XCBuildConfiguration;
			buildSettings = {
				BUNDLE_LOADER = "$(TEST_HOST)";
				CODE_SIGN_STYLE = Automatic;
				INFOPLIST_FILE = UberBeanTests/Info.plist;
				LD_RUNPATH_SEARCH_PATHS = (
					"$(inherited)",
					"@executable_path/Frameworks",
					"@loader_path/Frameworks",
				);
				PRODUCT_BUNDLE_IDENTIFIER = "Feeny-Corp.UberBeanTests";
				PRODUCT_NAME = "$(TARGET_NAME)";
				TARGETED_DEVICE_FAMILY = "1,2";
				TEST_HOST = "$(BUILT_PRODUCTS_DIR)/UberBean.app/UberBean";
			};
			name = Release;
		};
		7D0E115521276E4C00CC4C1B /* Debug */ = {
			isa = XCBuildConfiguration;
			buildSettings = {
				CODE_SIGN_STYLE = Automatic;
				INFOPLIST_FILE = UberBeanUITests/Info.plist;
				LD_RUNPATH_SEARCH_PATHS = (
					"$(inherited)",
					"@executable_path/Frameworks",
					"@loader_path/Frameworks",
				);
				PRODUCT_BUNDLE_IDENTIFIER = "Feeny-Corp.UberBeanUITests";
				PRODUCT_NAME = "$(TARGET_NAME)";
				TARGETED_DEVICE_FAMILY = "1,2";
				TEST_TARGET_NAME = UberBean;
			};
			name = Debug;
		};
		7D0E115621276E4C00CC4C1B /* Release */ = {
			isa = XCBuildConfiguration;
			buildSettings = {
				CODE_SIGN_STYLE = Automatic;
				INFOPLIST_FILE = UberBeanUITests/Info.plist;
				LD_RUNPATH_SEARCH_PATHS = (
					"$(inherited)",
					"@executable_path/Frameworks",
					"@loader_path/Frameworks",
				);
				PRODUCT_BUNDLE_IDENTIFIER = "Feeny-Corp.UberBeanUITests";
				PRODUCT_NAME = "$(TARGET_NAME)";
				TARGETED_DEVICE_FAMILY = "1,2";
				TEST_TARGET_NAME = UberBean;
			};
			name = Release;
		};
/* End XCBuildConfiguration section */

/* Begin XCConfigurationList section */
		7D0E111D21276E4B00CC4C1B /* Build configuration list for PBXProject "UberBean" */ = {
			isa = XCConfigurationList;
			buildConfigurations = (
				7D0E114C21276E4C00CC4C1B /* Debug */,
				7D0E114D21276E4C00CC4C1B /* Release */,
			);
			defaultConfigurationIsVisible = 0;
			defaultConfigurationName = Release;
		};
		7D0E114E21276E4C00CC4C1B /* Build configuration list for PBXNativeTarget "UberBean" */ = {
			isa = XCConfigurationList;
			buildConfigurations = (
				7D0E114F21276E4C00CC4C1B /* Debug */,
				7D0E115021276E4C00CC4C1B /* Release */,
			);
			defaultConfigurationIsVisible = 0;
			defaultConfigurationName = Release;
		};
		7D0E115121276E4C00CC4C1B /* Build configuration list for PBXNativeTarget "UberBeanTests" */ = {
			isa = XCConfigurationList;
			buildConfigurations = (
				7D0E115221276E4C00CC4C1B /* Debug */,
				7D0E115321276E4C00CC4C1B /* Release */,
			);
			defaultConfigurationIsVisible = 0;
			defaultConfigurationName = Release;
		};
		7D0E115421276E4C00CC4C1B /* Build configuration list for PBXNativeTarget "UberBeanUITests" */ = {
			isa = XCConfigurationList;
			buildConfigurations = (
				7D0E115521276E4C00CC4C1B /* Debug */,
				7D0E115621276E4C00CC4C1B /* Release */,
			);
			defaultConfigurationIsVisible = 0;
			defaultConfigurationName = Release;
		};
/* End XCConfigurationList section */
	};
	rootObject = 7D0E111A21276E4B00CC4C1B /* Project object */;
}
